
Microsoft Visual Studio Solution File, Format Version 12.00
# Visual Studio Version 17
VisualStudioVersion = 17.13.35825.156 d17.13
MinimumVisualStudioVersion = 10.0.40219.1
Project("{888888A0-9F3D-457C-B088-3A5042F75D52}") = "cnp", "cnp.pyproj", "{1286DCD9-8D0B-4ED9-9743-47F13E906043}"
EndProject
Global
	GlobalSection(SolutionConfigurationPlatforms) = preSolution
		Debug|Any CPU = Debug|Any CPU
		Release|Any CPU = Release|Any CPU
	EndGlobalSection
	GlobalSection(ProjectConfigurationPlatforms) = postSolution
		{1286DCD9-8D0B-4ED9-9743-47F13E906043}.Debug|Any CPU.ActiveCfg = Debug|Any CPU
		{1286DCD9-8D0B-4ED9-9743-47F13E906043}.Release|Any CPU.ActiveCfg = Release|Any CPU
	EndGlobalSection
	GlobalSection(SolutionProperties) = preSolution
		HideSolutionNode = FALSE
	EndGlobalSection
	GlobalSection(ExtensibilityGlobals) = postSolution
		SolutionGuid = {499CAC01-7F98-43B9-AF35-6423B39E474F}
	EndGlobalSection
EndGlobal
